<Solution>
  <Folder Name="/src/">
    <Project Path="src/Backend/00-Web/00-Web.csproj" Id="8e448a61-0f90-4362-ab7c-80e970e47fab" />
    <Project Path="src/Backend/01-ServicesConfiguration/01-ServicesConfiguration.csproj" Id="f63e46be-245f-45ed-9f89-daa91322e8fd" />
    <Project Path="src/Backend/10-Application/10-Application.csproj" Id="4ba5957e-fdf3-4284-99da-46ca9e961614" />
    <Project Path="src/Backend/11-Application.Features/11-Application.Features.csproj" Id="775e1dba-dd19-4cb1-b632-7d1d65df9b20" />
    <Project Path="src/Backend/12-Application.Common/12-Application.Common.csproj" Id="57fb669e-3f7f-476d-858d-c710768845cb" />
    <Project Path="src/Backend/13-Application.Resources/13-Application.Resources.csproj" Id="a846e561-ad78-4945-a0e8-953e53db3ec5" />
    <Project Path="src/Backend/20-Infrastructure/20-Infrastructure.csproj" Id="0277a7d4-c958-42c7-968b-99cef94ff823" />
    <Project Path="src/Backend/21-Infrastructure.Persistence/21-Infrastructure.Persistence.csproj" Id="5d1b6b05-d4f3-450b-9831-e7e1a4fe0b50" />
    <Project Path="src/Backend/22-Infrastructure.Persistence.SQLServer/22-Infrastructure.Persistence.SQLServer.csproj" Id="02a33af9-81a6-4e53-987a-f3641ed96688" />
    <Project Path="src/Backend/23-Infrastructure.Persistence.File/23-Infrastructure.Persistence.File.csproj" Id="8b55ab39-7b1e-45d8-aff0-82e2192d8086" />
    <Project Path="src/Backend/24-Infrastructure.ExternalAuth/24-Infrastructure.ExternalAuth.csproj" Id="45308ccb-bbec-40cb-992f-81c4e6824412" />
    <Project Path="src/Backend/99-Tools/99-Tools.csproj" Id="a740cf2e-455c-4e9d-b9a4-f9d9a4de1908" />
  </Folder>
  <Folder Name="/src/Pcea.Core/">
    <Project Path="src/Backend/Pcea.Core/Pcea.Core.Net.AuditTrail/Pcea.Core.Net.AuditTrail.csproj" Id="6e6225c6-12bb-4338-abac-b41a8d2054f8" />
    <Project Path="src/Backend/Pcea.Core/Pcea.Core.Net.Authorization.Application/Pcea.Core.Net.Authorization.Application.csproj" Id="b05955eb-6d51-4cf6-b82e-455383814ff4" />
    <Project Path="src/Backend/Pcea.Core/Pcea.Core.Net.Authorization.Persistence/Pcea.Core.Net.Authorization.Persistence.csproj" Id="420359be-1302-41fa-88d1-c62e521706ef" />
    <Project Path="src/Backend/Pcea.Core/Pcea.Core.Net.Authorization.Web/Pcea.Core.Net.Authorization.Web.csproj" Id="f3aca43e-2938-492f-99eb-5cd890e17054" />
    <Project Path="src/Backend/Pcea.Core/Pcea.Core.Net.Authorization/Pcea.Core.Net.Authorization.csproj" Id="650de0f4-8550-43f1-970e-7379410eddb8" />
  </Folder>
  <Folder Name="/tests/">
    <Project Path="tests/Application.UnitTest/Application.UnitTest.csproj" Id="0ad9ed26-1a8e-4fc7-a7c7-b9f612140162" />
  </Folder>
  <Project Path="docker-compose.dcproj">
    <Build />
  </Project>
</Solution>
